PODS:
  - Alamofire (4.8.0)
  - SwiftyJSON (5.0.1)

DEPENDENCIES:
  - Alamofire (= 4.8.0)
  - SwiftyJSON

SPEC REPOS:
  trunk:
    - Alamofire
    - SwiftyJSON

SPEC CHECKSUMS:
  Alamofire: 3ec537f71edc9804815215393ae2b1a8ea33a844
  SwiftyJSON: 2f33a42c6fbc52764d96f13368585094bfd8aa5e

PODFILE CHECKSUM: 7519062a40017914a9d73f20a9184b5c8e8b3926

COCOAPODS: 1.13.0
