// !$*UTF8*$!
{
	archiveVersion = 1;
	classes = {
	};
	objectVersion = 56;
	objects = {

/* Begin PBXBuildFile section */
		CE5053942BF73F8700AF6BFE /* AppDelegate.swift in Sources */ = {isa = PBXBuildFile; fileRef = CE5053932BF73F8700AF6BFE /* AppDelegate.swift */; };
		CE5053962BF73F8700AF6BFE /* SceneDelegate.swift in Sources */ = {isa = PBXBuildFile; fileRef = CE5053952BF73F8700AF6BFE /* SceneDelegate.swift */; };
		CE5053982BF73F8700AF6BFE /* ViewController.swift in Sources */ = {isa = PBXBuildFile; fileRef = CE5053972BF73F8700AF6BFE /* ViewController.swift */; };
		CE50539B2BF73F8700AF6BFE /* Base in Resources */ = {isa = PBXBuildFile; fileRef = CE50539A2BF73F8700AF6BFE /* Base */; };
		CE50539D2BF73F8A00AF6BFE /* Assets.xcassets in Resources */ = {isa = PBXBuildFile; fileRef = CE50539C2BF73F8A00AF6BFE /* Assets.xcassets */; };
		CE5053A02BF73F8A00AF6BFE /* Base in Resources */ = {isa = PBXBuildFile; fileRef = CE50539F2BF73F8A00AF6BFE /* Base */; };
		CE5053AB2BF73F8A00AF6BFE /* ARtestTests.swift in Sources */ = {isa = PBXBuildFile; fileRef = CE5053AA2BF73F8A00AF6BFE /* ARtestTests.swift */; };
		CE5053B52BF73F8A00AF6BFE /* ARtestUITests.swift in Sources */ = {isa = PBXBuildFile; fileRef = CE5053B42BF73F8A00AF6BFE /* ARtestUITests.swift */; };
		CE5053B72BF73F8A00AF6BFE /* ARtestUITestsLaunchTests.swift in Sources */ = {isa = PBXBuildFile; fileRef = CE5053B62BF73F8A00AF6BFE /* ARtestUITestsLaunchTests.swift */; };
		CE79DA612C008BFB0091EFE1 /* knmc.mp4 in Resources */ = {isa = PBXBuildFile; fileRef = CE79DA602C008BFB0091EFE1 /* knmc.mp4 */; };
/* End PBXBuildFile section */

/* Begin PBXContainerItemProxy section */
		CE5053A72BF73F8A00AF6BFE /* PBXContainerItemProxy */ = {
			isa = PBXContainerItemProxy;
			containerPortal = CE5053882BF73F8700AF6BFE /* Project object */;
			proxyType = 1;
			remoteGlobalIDString = CE50538F2BF73F8700AF6BFE;
			remoteInfo = ARtest;
		};
		CE5053B12BF73F8A00AF6BFE /* PBXContainerItemProxy */ = {
			isa = PBXContainerItemProxy;
			containerPortal = CE5053882BF73F8700AF6BFE /* Project object */;
			proxyType = 1;
			remoteGlobalIDString = CE50538F2BF73F8700AF6BFE;
			remoteInfo = ARtest;
		};
/* End PBXContainerItemProxy section */

/* Begin PBXFileReference section */
		CE5053902BF73F8700AF6BFE /* ARtest.app */ = {isa = PBXFileReference; explicitFileType = wrapper.application; includeInIndex = 0; path = ARtest.app; sourceTree = BUILT_PRODUCTS_DIR; };
		CE5053932BF73F8700AF6BFE /* AppDelegate.swift */ = {isa = PBXFileReference; lastKnownFileType = sourcecode.swift; path = AppDelegate.swift; sourceTree = "<group>"; };
		CE5053952BF73F8700AF6BFE /* SceneDelegate.swift */ = {isa = PBXFileReference; lastKnownFileType = sourcecode.swift; path = SceneDelegate.swift; sourceTree = "<group>"; };
		CE5053972BF73F8700AF6BFE /* ViewController.swift */ = {isa = PBXFileReference; lastKnownFileType = sourcecode.swift; path = ViewController.swift; sourceTree = "<group>"; };
		CE50539A2BF73F8700AF6BFE /* Base */ = {isa = PBXFileReference; lastKnownFileType = file.storyboard; name = Base; path = Base.lproj/Main.storyboard; sourceTree = "<group>"; };
		CE50539C2BF73F8A00AF6BFE /* Assets.xcassets */ = {isa = PBXFileReference; lastKnownFileType = folder.assetcatalog; path = Assets.xcassets; sourceTree = "<group>"; };
		CE50539F2BF73F8A00AF6BFE /* Base */ = {isa = PBXFileReference; lastKnownFileType = file.storyboard; name = Base; path = Base.lproj/LaunchScreen.storyboard; sourceTree = "<group>"; };
		CE5053A12BF73F8A00AF6BFE /* Info.plist */ = {isa = PBXFileReference; lastKnownFileType = text.plist.xml; path = Info.plist; sourceTree = "<group>"; };
		CE5053A62BF73F8A00AF6BFE /* ARtestTests.xctest */ = {isa = PBXFileReference; explicitFileType = wrapper.cfbundle; includeInIndex = 0; path = ARtestTests.xctest; sourceTree = BUILT_PRODUCTS_DIR; };
		CE5053AA2BF73F8A00AF6BFE /* ARtestTests.swift */ = {isa = PBXFileReference; lastKnownFileType = sourcecode.swift; path = ARtestTests.swift; sourceTree = "<group>"; };
		CE5053B02BF73F8A00AF6BFE /* ARtestUITests.xctest */ = {isa = PBXFileReference; explicitFileType = wrapper.cfbundle; includeInIndex = 0; path = ARtestUITests.xctest; sourceTree = BUILT_PRODUCTS_DIR; };
		CE5053B42BF73F8A00AF6BFE /* ARtestUITests.swift */ = {isa = PBXFileReference; lastKnownFileType = sourcecode.swift; path = ARtestUITests.swift; sourceTree = "<group>"; };
		CE5053B62BF73F8A00AF6BFE /* ARtestUITestsLaunchTests.swift */ = {isa = PBXFileReference; lastKnownFileType = sourcecode.swift; path = ARtestUITestsLaunchTests.swift; sourceTree = "<group>"; };
		CE79DA602C008BFB0091EFE1 /* knmc.mp4 */ = {isa = PBXFileReference; lastKnownFileType = file; path = knmc.mp4; sourceTree = "<group>"; };
/* End PBXFileReference section */

/* Begin PBXFrameworksBuildPhase section */
		CE50538D2BF73F8700AF6BFE /* Frameworks */ = {
			isa = PBXFrameworksBuildPhase;
			buildActionMask = 2147483647;
			files = (
			);
			runOnlyForDeploymentPostprocessing = 0;
		};
		CE5053A32BF73F8A00AF6BFE /* Frameworks */ = {
			isa = PBXFrameworksBuildPhase;
			buildActionMask = 2147483647;
			files = (
			);
			runOnlyForDeploymentPostprocessing = 0;
		};
		CE5053AD2BF73F8A00AF6BFE /* Frameworks */ = {
			isa = PBXFrameworksBuildPhase;
			buildActionMask = 2147483647;
			files = (
			);
			runOnlyForDeploymentPostprocessing = 0;
		};
/* End PBXFrameworksBuildPhase section */

/* Begin PBXGroup section */
		CE5053872BF73F8700AF6BFE = {
			isa = PBXGroup;
			children = (
				CE5053922BF73F8700AF6BFE /* ARtest */,
				CE5053A92BF73F8A00AF6BFE /* ARtestTests */,
				CE5053B32BF73F8A00AF6BFE /* ARtestUITests */,
				CE5053912BF73F8700AF6BFE /* Products */,
			);
			sourceTree = "<group>";
		};
		CE5053912BF73F8700AF6BFE /* Products */ = {
			isa = PBXGroup;
			children = (
				CE5053902BF73F8700AF6BFE /* ARtest.app */,
				CE5053A62BF73F8A00AF6BFE /* ARtestTests.xctest */,
				CE5053B02BF73F8A00AF6BFE /* ARtestUITests.xctest */,
			);
			name = Products;
			sourceTree = "<group>";
		};
		CE5053922BF73F8700AF6BFE /* ARtest */ = {
			isa = PBXGroup;
			children = (
				CE5053932BF73F8700AF6BFE /* AppDelegate.swift */,
				CE5053952BF73F8700AF6BFE /* SceneDelegate.swift */,
				CE5053972BF73F8700AF6BFE /* ViewController.swift */,
				CE5053992BF73F8700AF6BFE /* Main.storyboard */,
				CE50539C2BF73F8A00AF6BFE /* Assets.xcassets */,
				CE50539E2BF73F8A00AF6BFE /* LaunchScreen.storyboard */,
				CE79DA602C008BFB0091EFE1 /* knmc.mp4 */,
				CE5053A12BF73F8A00AF6BFE /* Info.plist */,
			);
			path = ARtest;
			sourceTree = "<group>";
		};
		CE5053A92BF73F8A00AF6BFE /* ARtestTests */ = {
			isa = PBXGroup;
			children = (
				CE5053AA2BF73F8A00AF6BFE /* ARtestTests.swift */,
			);
			path = ARtestTests;
			sourceTree = "<group>";
		};
		CE5053B32BF73F8A00AF6BFE /* ARtestUITests */ = {
			isa = PBXGroup;
			children = (
				CE5053B42BF73F8A00AF6BFE /* ARtestUITests.swift */,
				CE5053B62BF73F8A00AF6BFE /* ARtestUITestsLaunchTests.swift */,
			);
			path = ARtestUITests;
			sourceTree = "<group>";
		};
/* End PBXGroup section */

/* Begin PBXNativeTarget section */
		CE50538F2BF73F8700AF6BFE /* ARtest */ = {
			isa = PBXNativeTarget;
			buildConfigurationList = CE5053BA2BF73F8A00AF6BFE /* Build configuration list for PBXNativeTarget "ARtest" */;
			buildPhases = (
				CE50538C2BF73F8700AF6BFE /* Sources */,
				CE50538D2BF73F8700AF6BFE /* Frameworks */,
				CE50538E2BF73F8700AF6BFE /* Resources */,
			);
			buildRules = (
			);
			dependencies = (
			);
			name = ARtest;
			productName = ARtest;
			productReference = CE5053902BF73F8700AF6BFE /* ARtest.app */;
			productType = "com.apple.product-type.application";
		};
		CE5053A52BF73F8A00AF6BFE /* ARtestTests */ = {
			isa = PBXNativeTarget;
			buildConfigurationList = CE5053BD2BF73F8A00AF6BFE /* Build configuration list for PBXNativeTarget "ARtestTests" */;
			buildPhases = (
				CE5053A22BF73F8A00AF6BFE /* Sources */,
				CE5053A32BF73F8A00AF6BFE /* Frameworks */,
				CE5053A42BF73F8A00AF6BFE /* Resources */,
			);
			buildRules = (
			);
			dependencies = (
				CE5053A82BF73F8A00AF6BFE /* PBXTargetDependency */,
			);
			name = ARtestTests;
			productName = ARtestTests;
			productReference = CE5053A62BF73F8A00AF6BFE /* ARtestTests.xctest */;
			productType = "com.apple.product-type.bundle.unit-test";
		};
		CE5053AF2BF73F8A00AF6BFE /* ARtestUITests */ = {
			isa = PBXNativeTarget;
			buildConfigurationList = CE5053C02BF73F8A00AF6BFE /* Build configuration list for PBXNativeTarget "ARtestUITests" */;
			buildPhases = (
				CE5053AC2BF73F8A00AF6BFE /* Sources */,
				CE5053AD2BF73F8A00AF6BFE /* Frameworks */,
				CE5053AE2BF73F8A00AF6BFE /* Resources */,
			);
			buildRules = (
			);
			dependencies = (
				CE5053B22BF73F8A00AF6BFE /* PBXTargetDependency */,
			);
			name = ARtestUITests;
			productName = ARtestUITests;
			productReference = CE5053B02BF73F8A00AF6BFE /* ARtestUITests.xctest */;
			productType = "com.apple.product-type.bundle.ui-testing";
		};
/* End PBXNativeTarget section */

/* Begin PBXProject section */
		CE5053882BF73F8700AF6BFE /* Project object */ = {
			isa = PBXProject;
			attributes = {
				BuildIndependentTargetsInParallel = 1;
				LastSwiftUpdateCheck = 1540;
				LastUpgradeCheck = 1540;
				TargetAttributes = {
					CE50538F2BF73F8700AF6BFE = {
						CreatedOnToolsVersion = 15.4;
					};
					CE5053A52BF73F8A00AF6BFE = {
						CreatedOnToolsVersion = 15.4;
						TestTargetID = CE50538F2BF73F8700AF6BFE;
					};
					CE5053AF2BF73F8A00AF6BFE = {
						CreatedOnToolsVersion = 15.4;
						TestTargetID = CE50538F2BF73F8700AF6BFE;
					};
				};
			};
			buildConfigurationList = CE50538B2BF73F8700AF6BFE /* Build configuration list for PBXProject "ARtest" */;
			compatibilityVersion = "Xcode 14.0";
			developmentRegion = en;
			hasScannedForEncodings = 0;
			knownRegions = (
				en,
				Base,
			);
			mainGroup = CE5053872BF73F8700AF6BFE;
			productRefGroup = CE5053912BF73F8700AF6BFE /* Products */;
			projectDirPath = "";
			projectRoot = "";
			targets = (
				CE50538F2BF73F8700AF6BFE /* ARtest */,
				CE5053A52BF73F8A00AF6BFE /* ARtestTests */,
				CE5053AF2BF73F8A00AF6BFE /* ARtestUITests */,
			);
		};
/* End PBXProject section */

/* Begin PBXResourcesBuildPhase section */
		CE50538E2BF73F8700AF6BFE /* Resources */ = {
			isa = PBXResourcesBuildPhase;
			buildActionMask = 2147483647;
			files = (
				CE79DA612C008BFB0091EFE1 /* knmc.mp4 in Resources */,
				CE50539D2BF73F8A00AF6BFE /* Assets.xcassets in Resources */,
				CE5053A02BF73F8A00AF6BFE /* Base in Resources */,
				CE50539B2BF73F8700AF6BFE /* Base in Resources */,
			);
			runOnlyForDeploymentPostprocessing = 0;
		};
		CE5053A42BF73F8A00AF6BFE /* Resources */ = {
			isa = PBXResourcesBuildPhase;
			buildActionMask = 2147483647;
			files = (
			);
			runOnlyForDeploymentPostprocessing = 0;
		};
		CE5053AE2BF73F8A00AF6BFE /* Resources */ = {
			isa = PBXResourcesBuildPhase;
			buildActionMask = 2147483647;
			files = (
			);
			runOnlyForDeploymentPostprocessing = 0;
		};
/* End PBXResourcesBuildPhase section */

/* Begin PBXSourcesBuildPhase section */
		CE50538C2BF73F8700AF6BFE /* Sources */ = {
			isa = PBXSourcesBuildPhase;
			buildActionMask = 2147483647;
			files = (
				CE5053982BF73F8700AF6BFE /* ViewController.swift in Sources */,
				CE5053942BF73F8700AF6BFE /* AppDelegate.swift in Sources */,
				CE5053962BF73F8700AF6BFE /* SceneDelegate.swift in Sources */,
			);
			runOnlyForDeploymentPostprocessing = 0;
		};
		CE5053A22BF73F8A00AF6BFE /* Sources */ = {
			isa = PBXSourcesBuildPhase;
			buildActionMask = 2147483647;
			files = (
				CE5053AB2BF73F8A00AF6BFE /* ARtestTests.swift in Sources */,
			);
			runOnlyForDeploymentPostprocessing = 0;
		};
		CE5053AC2BF73F8A00AF6BFE /* Sources */ = {
			isa = PBXSourcesBuildPhase;
			buildActionMask = 2147483647;
			files = (
				CE5053B52BF73F8A00AF6BFE /* ARtestUITests.swift in Sources */,
				CE5053B72BF73F8A00AF6BFE /* ARtestUITestsLaunchTests.swift in Sources */,
			);
			runOnlyForDeploymentPostprocessing = 0;
		};
/* End PBXSourcesBuildPhase section */

/* Begin PBXTargetDependency section */
		CE5053A82BF73F8A00AF6BFE /* PBXTargetDependency */ = {
			isa = PBXTargetDependency;
			target = CE50538F2BF73F8700AF6BFE /* ARtest */;
			targetProxy = CE5053A72BF73F8A00AF6BFE /* PBXContainerItemProxy */;
		};
		CE5053B22BF73F8A00AF6BFE /* PBXTargetDependency */ = {
			isa = PBXTargetDependency;
			target = CE50538F2BF73F8700AF6BFE /* ARtest */;
			targetProxy = CE5053B12BF73F8A00AF6BFE /* PBXContainerItemProxy */;
		};
/* End PBXTargetDependency section */

/* Begin PBXVariantGroup section */
		CE5053992BF73F8700AF6BFE /* Main.storyboard */ = {
			isa = PBXVariantGroup;
			children = (
				CE50539A2BF73F8700AF6BFE /* Base */,
			);
			name = Main.storyboard;
			sourceTree = "<group>";
		};
		CE50539E2BF73F8A00AF6BFE /* LaunchScreen.storyboard */ = {
			isa = PBXVariantGroup;
			children = (
				CE50539F2BF73F8A00AF6BFE /* Base */,
			);
			name = LaunchScreen.storyboard;
			sourceTree = "<group>";
		};
/* End PBXVariantGroup section */

/* Begin XCBuildConfiguration section */
		CE5053B82BF73F8A00AF6BFE /* Debug */ = {
			isa = XCBuildConfiguration;
			buildSettings = {
				ALWAYS_SEARCH_USER_PATHS = NO;
				ASSETCATALOG_COMPILER_GENERATE_SWIFT_ASSET_SYMBOL_EXTENSIONS = YES;
				CLANG_ANALYZER_NONNULL = YES;
				CLANG_ANALYZER_NUMBER_OBJECT_CONVERSION = YES_AGGRESSIVE;
				CLANG_CXX_LANGUAGE_STANDARD = "gnu++20";
				CLANG_ENABLE_MODULES = YES;
				CLANG_ENABLE_OBJC_ARC = YES;
				CLANG_ENABLE_OBJC_WEAK = YES;
				CLANG_WARN_BLOCK_CAPTURE_AUTORELEASING = YES;
				CLANG_WARN_BOOL_CONVERSION = YES;
				CLANG_WARN_COMMA = YES;
				CLANG_WARN_CONSTANT_CONVERSION = YES;
				CLANG_WARN_DEPRECATED_OBJC_IMPLEMENTATIONS = YES;
				CLANG_WARN_DIRECT_OBJC_ISA_USAGE = YES_ERROR;
				CLANG_WARN_DOCUMENTATION_COMMENTS = YES;
				CLANG_WARN_EMPTY_BODY = YES;
				CLANG_WARN_ENUM_CONVERSION = YES;
				CLANG_WARN_INFINITE_RECURSION = YES;
				CLANG_WARN_INT_CONVERSION = YES;
				CLANG_WARN_NON_LITERAL_NULL_CONVERSION = YES;
				CLANG_WARN_OBJC_IMPLICIT_RETAIN_SELF = YES;
				CLANG_WARN_OBJC_LITERAL_CONVERSION = YES;
				CLANG_WARN_OBJC_ROOT_CLASS = YES_ERROR;
				CLANG_WARN_QUOTED_INCLUDE_IN_FRAMEWORK_HEADER = YES;
				CLANG_WARN_RANGE_LOOP_ANALYSIS = YES;
				CLANG_WARN_STRICT_PROTOTYPES = YES;
				CLANG_WARN_SUSPICIOUS_MOVE = YES;
				CLANG_WARN_UNGUARDED_AVAILABILITY = YES_AGGRESSIVE;
				CLANG_WARN_UNREACHABLE_CODE = YES;
				CLANG_WARN__DUPLICATE_METHOD_MATCH = YES;
				COPY_PHASE_STRIP = NO;
				DEBUG_INFORMATION_FORMAT = dwarf;
				ENABLE_STRICT_OBJC_MSGSEND = YES;
				ENABLE_TESTABILITY = YES;
				ENABLE_USER_SCRIPT_SANDBOXING = YES;
				GCC_C_LANGUAGE_STANDARD = gnu17;
				GCC_DYNAMIC_NO_PIC = NO;
				GCC_NO_COMMON_BLOCKS = YES;
				GCC_OPTIMIZATION_LEVEL = 0;
				GCC_PREPROCESSOR_DEFINITIONS = (
					"DEBUG=1",
					"$(inherited)",
				);
				GCC_WARN_64_TO_32_BIT_CONVERSION = YES;
				GCC_WARN_ABOUT_RETURN_TYPE = YES_ERROR;
				GCC_WARN_UNDECLARED_SELECTOR = YES;
				GCC_WARN_UNINITIALIZED_AUTOS = YES_AGGRESSIVE;
				GCC_WARN_UNUSED_FUNCTION = YES;
				GCC_WARN_UNUSED_VARIABLE = YES;
				IPHONEOS_DEPLOYMENT_TARGET = 17.5;
				LOCALIZATION_PREFERS_STRING_CATALOGS = YES;
				MTL_ENABLE_DEBUG_INFO = INCLUDE_SOURCE;
				MTL_FAST_MATH = YES;
				ONLY_ACTIVE_ARCH = YES;
				SDKROOT = iphoneos;
				SWIFT_ACTIVE_COMPILATION_CONDITIONS = "DEBUG $(inherited)";
				SWIFT_OPTIMIZATION_LEVEL = "-Onone";
			};
			name = Debug;
		};
		CE5053B92BF73F8A00AF6BFE /* Release */ = {
			isa = XCBuildConfiguration;
			buildSettings = {
				ALWAYS_SEARCH_USER_PATHS = NO;
				ASSETCATALOG_COMPILER_GENERATE_SWIFT_ASSET_SYMBOL_EXTENSIONS = YES;
				CLANG_ANALYZER_NONNULL = YES;
				CLANG_ANALYZER_NUMBER_OBJECT_CONVERSION = YES_AGGRESSIVE;
				CLANG_CXX_LANGUAGE_STANDARD = "gnu++20";
				CLANG_ENABLE_MODULES = YES;
				CLANG_ENABLE_OBJC_ARC = YES;
				CLANG_ENABLE_OBJC_WEAK = YES;
				CLANG_WARN_BLOCK_CAPTURE_AUTORELEASING = YES;
				CLANG_WARN_BOOL_CONVERSION = YES;
				CLANG_WARN_COMMA = YES;
				CLANG_WARN_CONSTANT_CONVERSION = YES;
				CLANG_WARN_DEPRECATED_OBJC_IMPLEMENTATIONS = YES;
				CLANG_WARN_DIRECT_OBJC_ISA_USAGE = YES_ERROR;
				CLANG_WARN_DOCUMENTATION_COMMENTS = YES;
				CLANG_WARN_EMPTY_BODY = YES;
				CLANG_WARN_ENUM_CONVERSION = YES;
				CLANG_WARN_INFINITE_RECURSION = YES;
				CLANG_WARN_INT_CONVERSION = YES;
				CLANG_WARN_NON_LITERAL_NULL_CONVERSION = YES;
				CLANG_WARN_OBJC_IMPLICIT_RETAIN_SELF = YES;
				CLANG_WARN_OBJC_LITERAL_CONVERSION = YES;
				CLANG_WARN_OBJC_ROOT_CLASS = YES_ERROR;
				CLANG_WARN_QUOTED_INCLUDE_IN_FRAMEWORK_HEADER = YES;
				CLANG_WARN_RANGE_LOOP_ANALYSIS = YES;
				CLANG_WARN_STRICT_PROTOTYPES = YES;
				CLANG_WARN_SUSPICIOUS_MOVE = YES;
				CLANG_WARN_UNGUARDED_AVAILABILITY = YES_AGGRESSIVE;
				CLANG_WARN_UNREACHABLE_CODE = YES;
				CLANG_WARN__DUPLICATE_METHOD_MATCH = YES;
				COPY_PHASE_STRIP = NO;
				DEBUG_INFORMATION_FORMAT = "dwarf-with-dsym";
				ENABLE_NS_ASSERTIONS = NO;
				ENABLE_STRICT_OBJC_MSGSEND = YES;
				ENABLE_USER_SCRIPT_SANDBOXING = YES;
				GCC_C_LANGUAGE_STANDARD = gnu17;
				GCC_NO_COMMON_BLOCKS = YES;
				GCC_WARN_64_TO_32_BIT_CONVERSION = YES;
				GCC_WARN_ABOUT_RETURN_TYPE = YES_ERROR;
				GCC_WARN_UNDECLARED_SELECTOR = YES;
				GCC_WARN_UNINITIALIZED_AUTOS = YES_AGGRESSIVE;
				GCC_WARN_UNUSED_FUNCTION = YES;
				GCC_WARN_UNUSED_VARIABLE = YES;
				IPHONEOS_DEPLOYMENT_TARGET = 17.5;
				LOCALIZATION_PREFERS_STRING_CATALOGS = YES;
				MTL_ENABLE_DEBUG_INFO = NO;
				MTL_FAST_MATH = YES;
				SDKROOT = iphoneos;
				SWIFT_COMPILATION_MODE = wholemodule;
				VALIDATE_PRODUCT = YES;
			};
			name = Release;
		};
		CE5053BB2BF73F8A00AF6BFE /* Debug */ = {
			isa = XCBuildConfiguration;
			buildSettings = {
				ASSETCATALOG_COMPILER_APPICON_NAME = AppIcon;
				ASSETCATALOG_COMPILER_GLOBAL_ACCENT_COLOR_NAME = AccentColor;
				CODE_SIGN_STYLE = Automatic;
				CURRENT_PROJECT_VERSION = 1;
				DEVELOPMENT_TEAM = T9PZUA3TA2;
				GENERATE_INFOPLIST_FILE = YES;
				INFOPLIST_FILE = ARtest/Info.plist;
				INFOPLIST_KEY_UIApplicationSupportsIndirectInputEvents = YES;
				INFOPLIST_KEY_UILaunchStoryboardName = LaunchScreen;
				INFOPLIST_KEY_UIMainStoryboardFile = Main;
				INFOPLIST_KEY_UISupportedInterfaceOrientations_iPad = "UIInterfaceOrientationPortrait UIInterfaceOrientationPortraitUpsideDown UIInterfaceOrientationLandscapeLeft UIInterfaceOrientationLandscapeRight";
				INFOPLIST_KEY_UISupportedInterfaceOrientations_iPhone = "UIInterfaceOrientationPortrait UIInterfaceOrientationLandscapeLeft UIInterfaceOrientationLandscapeRight";
				IPHONEOS_DEPLOYMENT_TARGET = 15.5;
				LD_RUNPATH_SEARCH_PATHS = (
					"$(inherited)",
					"@executable_path/Frameworks",
				);
				MARKETING_VERSION = 1.0;
				PRODUCT_BUNDLE_IDENTIFIER = or.nbu.ARtest;
				PRODUCT_NAME = "$(TARGET_NAME)";
				SWIFT_EMIT_LOC_STRINGS = YES;
				SWIFT_VERSION = 5.0;
				TARGETED_DEVICE_FAMILY = "1,2";
			};
			name = Debug;
		};
		CE5053BC2BF73F8A00AF6BFE /* Release */ = {
			isa = XCBuildConfiguration;
			buildSettings = {
				ASSETCATALOG_COMPILER_APPICON_NAME = AppIcon;
				ASSETCATALOG_COMPILER_GLOBAL_ACCENT_COLOR_NAME = AccentColor;
				CODE_SIGN_STYLE = Automatic;
				CURRENT_PROJECT_VERSION = 1;
				DEVELOPMENT_TEAM = T9PZUA3TA2;
				GENERATE_INFOPLIST_FILE = YES;
				INFOPLIST_FILE = ARtest/Info.plist;
				INFOPLIST_KEY_UIApplicationSupportsIndirectInputEvents = YES;
				INFOPLIST_KEY_UILaunchStoryboardName = LaunchScreen;
				INFOPLIST_KEY_UIMainStoryboardFile = Main;
				INFOPLIST_KEY_UISupportedInterfaceOrientations_iPad = "UIInterfaceOrientationPortrait UIInterfaceOrientationPortraitUpsideDown UIInterfaceOrientationLandscapeLeft UIInterfaceOrientationLandscapeRight";
				INFOPLIST_KEY_UISupportedInterfaceOrientations_iPhone = "UIInterfaceOrientationPortrait UIInterfaceOrientationLandscapeLeft UIInterfaceOrientationLandscapeRight";
				IPHONEOS_DEPLOYMENT_TARGET = 15.5;
				LD_RUNPATH_SEARCH_PATHS = (
					"$(inherited)",
					"@executable_path/Frameworks",
				);
				MARKETING_VERSION = 1.0;
				PRODUCT_BUNDLE_IDENTIFIER = or.nbu.ARtest;
				PRODUCT_NAME = "$(TARGET_NAME)";
				SWIFT_EMIT_LOC_STRINGS = YES;
				SWIFT_VERSION = 5.0;
				TARGETED_DEVICE_FAMILY = "1,2";
			};
			name = Release;
		};
		CE5053BE2BF73F8A00AF6BFE /* Debug */ = {
			isa = XCBuildConfiguration;
			buildSettings = {
				ALWAYS_EMBED_SWIFT_STANDARD_LIBRARIES = YES;
				BUNDLE_LOADER = "$(TEST_HOST)";
				CODE_SIGN_STYLE = Automatic;
				CURRENT_PROJECT_VERSION = 1;
				DEVELOPMENT_TEAM = T9PZUA3TA2;
				GENERATE_INFOPLIST_FILE = YES;
				IPHONEOS_DEPLOYMENT_TARGET = 17.5;
				MARKETING_VERSION = 1.0;
				PRODUCT_BUNDLE_IDENTIFIER = or.nbu.ARtestTests;
				PRODUCT_NAME = "$(TARGET_NAME)";
				SWIFT_EMIT_LOC_STRINGS = NO;
				SWIFT_VERSION = 5.0;
				TARGETED_DEVICE_FAMILY = "1,2";
				TEST_HOST = "$(BUILT_PRODUCTS_DIR)/ARtest.app/$(BUNDLE_EXECUTABLE_FOLDER_PATH)/ARtest";
			};
			name = Debug;
		};
		CE5053BF2BF73F8A00AF6BFE /* Release */ = {
			isa = XCBuildConfiguration;
			buildSettings = {
				ALWAYS_EMBED_SWIFT_STANDARD_LIBRARIES = YES;
				BUNDLE_LOADER = "$(TEST_HOST)";
				CODE_SIGN_STYLE = Automatic;
				CURRENT_PROJECT_VERSION = 1;
				DEVELOPMENT_TEAM = T9PZUA3TA2;
				GENERATE_INFOPLIST_FILE = YES;
				IPHONEOS_DEPLOYMENT_TARGET = 17.5;
				MARKETING_VERSION = 1.0;
				PRODUCT_BUNDLE_IDENTIFIER = or.nbu.ARtestTests;
				PRODUCT_NAME = "$(TARGET_NAME)";
				SWIFT_EMIT_LOC_STRINGS = NO;
				SWIFT_VERSION = 5.0;
				TARGETED_DEVICE_FAMILY = "1,2";
				TEST_HOST = "$(BUILT_PRODUCTS_DIR)/ARtest.app/$(BUNDLE_EXECUTABLE_FOLDER_PATH)/ARtest";
			};
			name = Release;
		};
		CE5053C12BF73F8A00AF6BFE /* Debug */ = {
			isa = XCBuildConfiguration;
			buildSettings = {
				ALWAYS_EMBED_SWIFT_STANDARD_LIBRARIES = YES;
				CODE_SIGN_STYLE = Automatic;
				CURRENT_PROJECT_VERSION = 1;
				DEVELOPMENT_TEAM = T9PZUA3TA2;
				GENERATE_INFOPLIST_FILE = YES;
				MARKETING_VERSION = 1.0;
				PRODUCT_BUNDLE_IDENTIFIER = or.nbu.ARtestUITests;
				PRODUCT_NAME = "$(TARGET_NAME)";
				SWIFT_EMIT_LOC_STRINGS = NO;
				SWIFT_VERSION = 5.0;
				TARGETED_DEVICE_FAMILY = "1,2";
				TEST_TARGET_NAME = ARtest;
			};
			name = Debug;
		};
		CE5053C22BF73F8A00AF6BFE /* Release */ = {
			isa = XCBuildConfiguration;
			buildSettings = {
				ALWAYS_EMBED_SWIFT_STANDARD_LIBRARIES = YES;
				CODE_SIGN_STYLE = Automatic;
				CURRENT_PROJECT_VERSION = 1;
				DEVELOPMENT_TEAM = T9PZUA3TA2;
				GENERATE_INFOPLIST_FILE = YES;
				MARKETING_VERSION = 1.0;
				PRODUCT_BUNDLE_IDENTIFIER = or.nbu.ARtestUITests;
				PRODUCT_NAME = "$(TARGET_NAME)";
				SWIFT_EMIT_LOC_STRINGS = NO;
				SWIFT_VERSION = 5.0;
				TARGETED_DEVICE_FAMILY = "1,2";
				TEST_TARGET_NAME = ARtest;
			};
			name = Release;
		};
/* End XCBuildConfiguration section */

/* Begin XCConfigurationList section */
		CE50538B2BF73F8700AF6BFE /* Build configuration list for PBXProject "ARtest" */ = {
			isa = XCConfigurationList;
			buildConfigurations = (
				CE5053B82BF73F8A00AF6BFE /* Debug */,
				CE5053B92BF73F8A00AF6BFE /* Release */,
			);
			defaultConfigurationIsVisible = 0;
			defaultConfigurationName = Release;
		};
		CE5053BA2BF73F8A00AF6BFE /* Build configuration list for PBXNativeTarget "ARtest" */ = {
			isa = XCConfigurationList;
			buildConfigurations = (
				CE5053BB2BF73F8A00AF6BFE /* Debug */,
				CE5053BC2BF73F8A00AF6BFE /* Release */,
			);
			defaultConfigurationIsVisible = 0;
			defaultConfigurationName = Release;
		};
		CE5053BD2BF73F8A00AF6BFE /* Build configuration list for PBXNativeTarget "ARtestTests" */ = {
			isa = XCConfigurationList;
			buildConfigurations = (
				CE5053BE2BF73F8A00AF6BFE /* Debug */,
				CE5053BF2BF73F8A00AF6BFE /* Release */,
			);
			defaultConfigurationIsVisible = 0;
			defaultConfigurationName = Release;
		};
		CE5053C02BF73F8A00AF6BFE /* Build configuration list for PBXNativeTarget "ARtestUITests" */ = {
			isa = XCConfigurationList;
			buildConfigurations = (
				CE5053C12BF73F8A00AF6BFE /* Debug */,
				CE5053C22BF73F8A00AF6BFE /* Release */,
			);
			defaultConfigurationIsVisible = 0;
			defaultConfigurationName = Release;
		};
/* End XCConfigurationList section */
	};
	rootObject = CE5053882BF73F8700AF6BFE /* Project object */;
}
